
Microsoft Visual Studio Solution File, Format Version 12.00
# Visual Studio Version 17
VisualStudioVersion = 17.9.34616.47
MinimumVisualStudioVersion = 10.0.40219.1
Project("{FAE04EC0-301F-11D3-BF4B-00C04F79EFBC}") = "SNEAKERS STORES VENTA", "SNEAKERS STORES VENTA\SNEAKERS STORES VENTA.csproj", "{8EF84AF4-40E6-46A6-8B28-4452BD0A142B}"
EndProject
Global
	GlobalSection(SolutionConfigurationPlatforms) = preSolution
		Debug|Any CPU = Debug|Any CPU
		Release|Any CPU = Release|Any CPU
	EndGlobalSection
	GlobalSection(ProjectConfigurationPlatforms) = postSolution
		{8EF84AF4-40E6-46A6-8B28-4452BD0A142B}.Debug|Any CPU.ActiveCfg = Debug|Any CPU
		{8EF84AF4-40E6-46A6-8B28-4452BD0A142B}.Debug|Any CPU.Build.0 = Debug|Any CPU
		{8EF84AF4-40E6-46A6-8B28-4452BD0A142B}.Release|Any CPU.ActiveCfg = Release|Any CPU
		{8EF84AF4-40E6-46A6-8B28-4452BD0A142B}.Release|Any CPU.Build.0 = Release|Any CPU
	EndGlobalSection
	GlobalSection(SolutionProperties) = preSolution
		HideSolutionNode = FALSE
	EndGlobalSection
	GlobalSection(ExtensibilityGlobals) = postSolution
		SolutionGuid = {C1167E52-FFE3-4D27-9B4D-D1451CDD8369}
	EndGlobalSection
EndGlobal
